{
  "lockfileVersion": 1,
  "configVersion": 1,
  "workspaces": {
    "": {
      "name": "voice-clone",
      "dependencies": {
        "@gpuix/react": "^0.4.0",
        "react": "^19.2.4",
      },
      "devDependencies": {
        "@types/bun": "^1.3.0",
        "@types/react": "^19.2.0",
        "typescript": "^5.9.0",
      },
    },
  },
  "packages": {
    "@gpuix/native": ["@gpuix/native@0.4.0", "", { "optionalDependencies": { "@gpuix/native-darwin-arm64": "0.4.0", "@gpuix/native-darwin-x64": "0.4.0", "@gpuix/native-linux-arm64-gnu": "0.4.0", "@gpuix/native-linux-x64-gnu": "0.4.0", "@gpuix/native-win32-arm64-msvc": "0.4.0", "@gpuix/native-win32-x64-msvc": "0.4.0" } }, "sha512-Ajmv7aBjcze+umGWFeMcY3JXzXP8LolF8sPEPF+UfKTon60fD5V295cBDPV2zKpg/gRc6TdbB3/bKWv/WHDjzw=="],

    "@gpuix/native-darwin-arm64": ["@gpuix/native-darwin-arm64@0.4.0", "", { "os": "darwin", "cpu": "arm64" }, "sha512-9Q2RrumKpeHhNE0gTNkYINDvlysPpr/fCslwaiRXbtwl9Tz8Ry0R+Pq6semoaMPVVZx4BM268e4juPtPFV6WqA=="],

    "@gpuix/native-darwin-x64": ["@gpuix/native-darwin-x64@0.4.0", "", { "os": "darwin", "cpu": "x64" }, "sha512-gmTum1bADvDsxgkv4BNfjdxQ+Nx04QRDYmRc7wFuJb7M20gay/jVdsgrsUL+fNasTsfiLnYajf+YKS5OcZP9cg=="],

    "@gpuix/native-linux-arm64-gnu": ["@gpuix/native-linux-arm64-gnu@0.4.0", "", { "os": "linux", "cpu": "arm64" }, "sha512-KKvI758LxgWKNEWctvFBKNr/9FRYsr2gBfLNIy8c2mFvjzJmvEo6I43Ve8ck6AP1yLchzK5vmiOUpGpRuIdwmA=="],

    "@gpuix/native-linux-x64-gnu": ["@gpuix/native-linux-x64-gnu@0.4.0", "", { "os": "linux", "cpu": "x64" }, "sha512-dzZjYuWml10a2KGP0ZsnuZI1POS/i7Yn4naRVliF7chVN5CqvQdyBkLlBN4DITnNaBW4FIAdgo4zAMscuUhFzw=="],

    "@gpuix/native-win32-arm64-msvc": ["@gpuix/native-win32-arm64-msvc@0.4.0", "", { "os": "win32", "cpu": "arm64" }, "sha512-g7OgtOyKe5pS4NbaK09WP3cFOm3pIbOyVK2kl02+/XAKg1XPWAlgVx2GvXARWvWsm2YpCV8S2qOEu7T++kfECw=="],

    "@gpuix/native-win32-x64-msvc": ["@gpuix/native-win32-x64-msvc@0.4.0", "", { "os": "win32", "cpu": "x64" }, "sha512-T11cRtupmbJOKx+NrbPXdzkebVzl2GzJ24fNwCYpmA9OBgcJZe0AMNCu+KjiTVlZLsZ4yEy/41YQiSAcEy/h4A=="],

    "@gpuix/react": ["@gpuix/react@0.4.0", "", { "dependencies": { "@gpuix/native": "^0.4.0", "eventsource-parser": "^4.1.0", "react-reconciler": "^0.31.0", "zod": "^4.4.3" }, "peerDependencies": { "react": "^18.0.0 || ^19.0.0" } }, "sha512-swTjiQD3wvK66S+JJaAkmK1JPCYu0gsbK/0p1nuO5nKGhygCvrJUv0AuIr+Eyqbbc65QyI1ead0I5zZmkc8LFA=="],

    "@types/bun": ["@types/bun@1.4.0", "", { "dependencies": { "bun-types": "1.4.0" } }, "sha512-K+lZULY23vRgK/CfTjFIV+tyifaNdSMlPh9j+6mQ/cLfpOznLyAuzgV/JQysyECpkBQLVMSyvjlr2fBUSA9wFQ=="],

    "@types/node": ["@types/node@26.3.0", "", { "dependencies": { "undici-types": "~8.3.0" } }, "sha512-L3fgrnchriRC2ExBflb8j4uZZURHZfQsmQeyVzhjcHW4kkwVyo8/0h1B2MVzMTrYUJYu6G7EWs14hW/L9putqw=="],

    "@types/react": ["@types/react@19.2.18", "", { "dependencies": { "csstype": "^3.2.2" } }, "sha512-AnzbBERsrLKtk2XSfTbYRLjQPdy116Sty4q+T+Bp3IC4l6jNBvreVPAHmpq9qhXQM7CXZPjLVmGMw9sy+hxQ3w=="],

    "bun-types": ["bun-types@1.4.0", "", { "dependencies": { "@types/node": "*" } }, "sha512-iIKw23BspnQQYd3prITOBxeUsxBHnwzX6YJfGMuNOZzeNcMmVqzIIVGRm1l69ogaPQmb4wB6BN8mA5bE9YuC5Q=="],

    "csstype": ["csstype@3.2.3", "", {}, "sha512-z1HGKcYy2xA8AGQfwrn0PAy+PB7X/GSj3UVJW9qKyn43xWa+gl5nXmU4qqLMRzWVLFC8KusUX8T/0kCiOYpAIQ=="],

    "eventsource-parser": ["eventsource-parser@4.1.0", "", {}, "sha512-+DHvQ1wLO//MK+1OZgcuXCbZFKgu3YjKPJt7n98rxX8vezL0ni+7s3ZQiM8bJkUEOk7MsuCycrPLj0FzUNf7Og=="],

    "react": ["react@19.2.8", "", {}, "sha512-PWaYA1L/q9u2u7xYQi+Y3L3Yfnie7XyLeaJICV1MGD6LprsBxcAqGjYyr0eY3p+QdsA+x/Irkt4Qif8D63+Sbw=="],

    "react-reconciler": ["react-reconciler@0.31.0", "", { "dependencies": { "scheduler": "^0.25.0" }, "peerDependencies": { "react": "^19.0.0" } }, "sha512-7Ob7Z+URmesIsIVRjnLoDGwBEG/tVitidU0nMsqX/eeJaLY89RISO/10ERe0MqmzuKUUB1rmY+h1itMbUHg9BQ=="],

    "scheduler": ["scheduler@0.25.0", "", {}, "sha512-xFVuu11jh+xcO7JOAGJNOXld8/TcEHK/4CituBUeUb5hqxJLj9YuemAEuvm9gQ/+pgXYfbQuqAkiYu+u7YEsNA=="],

    "typescript": ["typescript@5.9.3", "", { "bin": { "tsc": "bin/tsc", "tsserver": "bin/tsserver" } }, "sha512-jl1vZzPDinLr9eUt3J/t7V6FgNEw9QjvBPdysz9KfQDD41fQrC2Y4vKQdiaUpFT4bXlb1RHhLpp8wtm6M5TgSw=="],

    "undici-types": ["undici-types@8.3.0", "", {}, "sha512-j375ScV60dom+YkPFIfTLcOiPxkN/buHz5GobjLhixFuANaNs3C9l4GmrWqejgXWJ7BbJcFYpTEUkS1Ge8bpZQ=="],

    "zod": ["zod@4.4.3", "", {}, "sha512-ytENFjIJFl2UwYglde2jchW2Hwm4GJFLDiSXWdTrJQBIN9Fcyp7n4DhxJEiWNAJMV1/BqWfW/kkg71UDcHJyTQ=="],
  }
}
